dependencies:
- name: llm-classifier
  repository: ""
  version: 0.2.2
- name: pathfinder
  repository: ""
  version: 0.2.2
- name: sombra-job-scheduler
  repository: ""
  version: 0.1.3
digest: sha256:dab38d516e78868bf4677a3550cc5c200d39ea72855ec3ce116b34b3594fde63
generated: "2026-01-29T17:37:17.925068081Z"
