dependencies:
- name: llm-classifier
  repository: ""
  version: 0.2.2
- name: pathfinder
  repository: ""
  version: 0.2.2
- name: sombra-job-scheduler
  repository: ""
  version: 0.1.2
digest: sha256:6bb385784d3b63469e0199c8f97e326594e20f6c5ac92069ad3817f612f2c194
generated: "2026-01-29T15:52:54.010231601Z"
