dependencies:
- name: llm-classifier
  repository: file://charts/llm-classifier
  version: 0.2.2
- name: pathfinder
  repository: file://charts/pathfinder
  version: 0.2.2
- name: job-scheduler
  repository: file://charts/job-scheduler
  version: 0.1.0
digest: sha256:386a2817a72ffd77ecd9cb2d7f86905592166dcef1025bd80275d0d7afa44940
generated: "2026-01-23T19:54:02.149848777Z"
